github.com/GeraAnggaraPutra/go-say-hello v1.0.0 h1:5DsQSg0a48lqgkPp1zqOdWF75iRVJBcJhEx7/wYbNIg=
github.com/GeraAnggaraPutra/go-say-hello v1.0.0/go.mod h1:+Tr2sjUXYZyj1VHPZzu9Q+JZuKfLO0OkPRsNBaszvYI=
github.com/GeraAnggaraPutra/go-say-hello v1.5.0 h1:9aAxxkYqFepwKPXRCOD0HKXnciTV2cwMPhshGzCnk7Q=
github.com/GeraAnggaraPutra/go-say-hello v1.5.0/go.mod h1:+Tr2sjUXYZyj1VHPZzu9Q+JZuKfLO0OkPRsNBaszvYI=
github.com/GeraAnggaraPutra/go-say-hello/v2 v2.0.0 h1:g+tch/4H6r1tVTPsGgAnIDnjyouuWbtHmJx87M5MsD4=
github.com/GeraAnggaraPutra/go-say-hello/v2 v2.0.0/go.mod h1:wMud5px2FBbWVRHpgbjf6HL3CRMA6xD7iMGVphF3PKs=
github.com/GeraAnggaraPutra/go-say-hello/v2 v2.0.1 h1:c2DEoddIHYrwTn3aOos/O8viNE9RV+80g1lmefPpW+c=
github.com/GeraAnggaraPutra/go-say-hello/v2 v2.0.1/go.mod h1:wMud5px2FBbWVRHpgbjf6HL3CRMA6xD7iMGVphF3PKs=
